github.com/elliotchance/pie/v2 v2.6.0 h1:lAQxtrxijynVjXuU0btqg9oh4Izq6IQVtypJw/45gZ4=
github.com/elliotchance/pie/v2 v2.6.0/go.mod h1:18t0dgGFH006g4eVdDtWfgFZPQEgl10IoEO8YWEq3Og=
github.com/google/uuid v1.3.0 h1:t6JiXgmwXMjEs8VusXIJk2BXHsn+wx8BZdTaoZ5fu7I=
github.com/google/uuid v1.3.0/go.mod h1:TIyPZe4MgqvfeYDBFedMoGGpEw/LqOeaOT+nhxU+yHo=
golang.org/x/exp v0.0.0-20220321173239-a90fa8a75705 h1:ba9YlqfDGTTQ5aZ2fwOoQ1hf32QySyQkR6ODGDzHlnE=
golang.org/x/exp v0.0.0-20220321173239-a90fa8a75705/go.mod h1:lgLbSvA5ygNOMpwM/9anMpWVlVJ7Z+cHWq/eFuinpGE=
